
Microsoft Visual Studio Solution File, Format Version 12.00
# Visual Studio Version 16
VisualStudioVersion = 16.0.31005.135
MinimumVisualStudioVersion = 10.0.40219.1
Project("{9A19103F-16F7-4668-BE54-9A1E7A4F7556}") = "Entities", "Entities\Entities.csproj", "{A2441E01-A32D-4784-B3E0-624C00559D1A}"
EndProject
Project("{9A19103F-16F7-4668-BE54-9A1E7A4F7556}") = "DataAccess", "DataAccess\DataAccess.csproj", "{D125E893-37EC-48F0-AB65-D0070C96DF28}"
EndProject
Project("{9A19103F-16F7-4668-BE54-9A1E7A4F7556}") = "Business", "Business\Business.csproj", "{6CF4AF8E-6652-423C-A0A6-480E00C67E82}"
EndProject
Project("{9A19103F-16F7-4668-BE54-9A1E7A4F7556}") = "ConsoleUI", "ConsoleUI\ConsoleUI.csproj", "{07A1B077-FE45-4334-B8B1-3955BC38722D}"
EndProject
Project("{9A19103F-16F7-4668-BE54-9A1E7A4F7556}") = "Core", "Core\Core.csproj", "{5C0CFDFA-0688-4059-934B-958C22FC211A}"
EndProject
Project("{FAE04EC0-301F-11D3-BF4B-00C04F79EFBC}") = "WebAPI", "WebAPI\WebAPI.csproj", "{DBEE4813-E656-4F41-BA3F-E7BFE5383D7F}"
EndProject
Global
	GlobalSection(SolutionConfigurationPlatforms) = preSolution
		Debug|Any CPU = Debug|Any CPU
		Release|Any CPU = Release|Any CPU
	EndGlobalSection
	GlobalSection(ProjectConfigurationPlatforms) = postSolution
		{A2441E01-A32D-4784-B3E0-624C00559D1A}.Debug|Any CPU.ActiveCfg = Debug|Any CPU
		{A2441E01-A32D-4784-B3E0-624C00559D1A}.Debug|Any CPU.Build.0 = Debug|Any CPU
		{A2441E01-A32D-4784-B3E0-624C00559D1A}.Release|Any CPU.ActiveCfg = Release|Any CPU
		{A2441E01-A32D-4784-B3E0-624C00559D1A}.Release|Any CPU.Build.0 = Release|Any CPU
		{D125E893-37EC-48F0-AB65-D0070C96DF28}.Debug|Any CPU.ActiveCfg = Debug|Any CPU
		{D125E893-37EC-48F0-AB65-D0070C96DF28}.Debug|Any CPU.Build.0 = Debug|Any CPU
		{D125E893-37EC-48F0-AB65-D0070C96DF28}.Release|Any CPU.ActiveCfg = Release|Any CPU
		{D125E893-37EC-48F0-AB65-D0070C96DF28}.Release|Any CPU.Build.0 = Release|Any CPU
		{6CF4AF8E-6652-423C-A0A6-480E00C67E82}.Debug|Any CPU.ActiveCfg = Debug|Any CPU
		{6CF4AF8E-6652-423C-A0A6-480E00C67E82}.Debug|Any CPU.Build.0 = Debug|Any CPU
		{6CF4AF8E-6652-423C-A0A6-480E00C67E82}.Release|Any CPU.ActiveCfg = Release|Any CPU
		{6CF4AF8E-6652-423C-A0A6-480E00C67E82}.Release|Any CPU.Build.0 = Release|Any CPU
		{07A1B077-FE45-4334-B8B1-3955BC38722D}.Debug|Any CPU.ActiveCfg = Debug|Any CPU
		{07A1B077-FE45-4334-B8B1-3955BC38722D}.Debug|Any CPU.Build.0 = Debug|Any CPU
		{07A1B077-FE45-4334-B8B1-3955BC38722D}.Release|Any CPU.ActiveCfg = Release|Any CPU
		{07A1B077-FE45-4334-B8B1-3955BC38722D}.Release|Any CPU.Build.0 = Release|Any CPU
		{5C0CFDFA-0688-4059-934B-958C22FC211A}.Debug|Any CPU.ActiveCfg = Debug|Any CPU
		{5C0CFDFA-0688-4059-934B-958C22FC211A}.Debug|Any CPU.Build.0 = Debug|Any CPU
		{5C0CFDFA-0688-4059-934B-958C22FC211A}.Release|Any CPU.ActiveCfg = Release|Any CPU
		{5C0CFDFA-0688-4059-934B-958C22FC211A}.Release|Any CPU.Build.0 = Release|Any CPU
		{DBEE4813-E656-4F41-BA3F-E7BFE5383D7F}.Debug|Any CPU.ActiveCfg = Debug|Any CPU
		{DBEE4813-E656-4F41-BA3F-E7BFE5383D7F}.Debug|Any CPU.Build.0 = Debug|Any CPU
		{DBEE4813-E656-4F41-BA3F-E7BFE5383D7F}.Release|Any CPU.ActiveCfg = Release|Any CPU
		{DBEE4813-E656-4F41-BA3F-E7BFE5383D7F}.Release|Any CPU.Build.0 = Release|Any CPU
	EndGlobalSection
	GlobalSection(SolutionProperties) = preSolution
		HideSolutionNode = FALSE
	EndGlobalSection
	GlobalSection(ExtensibilityGlobals) = postSolution
		SolutionGuid = {7A47A67A-A3F7-40F1-B33E-BAFA9F3639EB}
	EndGlobalSection
EndGlobal
